# THIS IS AN AUTOGENERATED FILE. DO NOT EDIT THIS FILE DIRECTLY.
# yarn lockfile v1


"@babel/runtime@^7.21.0":
  version "7.24.5"
  resolved "https://registry.yarnpkg.com/@babel/runtime/-/runtime-7.24.5.tgz#230946857c053a36ccc66e1dd03b17dd0c4ed02c"
  integrity sha512-Nms86NXrsaeU9vbBJKni6gXiEXZ4CVpYVzEjDH9Sb8vmZ3UljyA1GSOJl/6LGPO8EHLuSF9H+IxNXHPX8QHJ4g==
  dependencies:
    regenerator-runtime "^0.14.0"

"@ckeditor/ckeditor5-case-change@^41.3.1":
  version "41.3.1"
  resolved "https://registry.yarnpkg.com/@ckeditor/ckeditor5-case-change/-/ckeditor5-case-change-41.3.1.tgz#ff13dcbd4493095c8d2bac42539ef1ea618d7f9c"
  integrity sha512-MELCB9rue8514Qx9CSyK505Q8yh4W3i52RTnCV+AA6fLd2mYSvz3L+n5j7nD3TAmIrnbodwniybN1AEL4xMTfg==
  dependencies:
    ckeditor5 "41.3.1"
    ckeditor5-collaboration "41.3.1"

"@ckeditor/ckeditor5-clipboard@41.3.1":
  version "41.3.1"
  resolved "https://registry.yarnpkg.com/@ckeditor/ckeditor5-clipboard/-/ckeditor5-clipboard-41.3.1.tgz#df735de82c9f29083717c1705c2cfd0f0adf24c2"
  integrity sha512-6S7tq6FlnHYZmPACeqdf135Jx2bTKHVY8mHQ+CHC8ZZu0XVm62vVeeSLS2IcdtYmHjf4ced1G7suTUBHlfBCLw==
  dependencies:
    "@ckeditor/ckeditor5-core" "41.3.1"
    "@ckeditor/ckeditor5-engine" "41.3.1"
    "@ckeditor/ckeditor5-ui" "41.3.1"
    "@ckeditor/ckeditor5-utils" "41.3.1"
    "@ckeditor/ckeditor5-widget" "41.3.1"
    lodash-es "4.17.21"

"@ckeditor/ckeditor5-collaboration-core@41.3.1":
  version "41.3.1"
  resolved "https://registry.yarnpkg.com/@ckeditor/ckeditor5-collaboration-core/-/ckeditor5-collaboration-core-41.3.1.tgz#d7ffe77acabdb8721eecca4c9fc2614d3202f219"
  integrity sha512-EhED4DrZgsOywaA0DIDmHKiVvLET+LO5aJSWDQx5yteSk5hlpEIdFRakukY5cXL6DSqP50FjfCG1MXa6wqyixg==
  dependencies:
    ckeditor5 "41.3.1"
    date-fns "2.30.0"

"@ckeditor/ckeditor5-core@41.3.1":
  version "41.3.1"
  resolved "https://registry.yarnpkg.com/@ckeditor/ckeditor5-core/-/ckeditor5-core-41.3.1.tgz#b4bf65cc1a291d78d9e47269ae159aec1451d99b"
  integrity sha512-h+PgPtCpS2vjO3HbKMYtddRPW+B3AJx9qpixmHJnUZMiFCmRjUZjXATjpi3j+kSQISs4L2Yghq+lsAQxyGHb+A==
  dependencies:
    "@ckeditor/ckeditor5-engine" "41.3.1"
    "@ckeditor/ckeditor5-utils" "41.3.1"
    lodash-es "4.17.21"

"@ckeditor/ckeditor5-engine@41.3.1":
  version "41.3.1"
  resolved "https://registry.yarnpkg.com/@ckeditor/ckeditor5-engine/-/ckeditor5-engine-41.3.1.tgz#6ac615d63373f364fdc994d9a83f30d02f889ed6"
  integrity sha512-Me4cnkCrknDH50db/jPczuhgzaxUhHbkh2gv8N8Ypken9ZnOPvMD9W1gCFFTLaxikpPmBQwk3u1BSjOKk3r6kw==
  dependencies:
    "@ckeditor/ckeditor5-utils" "41.3.1"
    lodash-es "4.17.21"

"@ckeditor/ckeditor5-enter@41.3.1":
  version "41.3.1"
  resolved "https://registry.yarnpkg.com/@ckeditor/ckeditor5-enter/-/ckeditor5-enter-41.3.1.tgz#7e87a34f9bd6b7dc12f919a414600111729c0221"
  integrity sha512-iwhvJpfsutqcv/bf8QPMKhMolb7GtShaOT+UIDW3OXjMZaBKZOTyR8OceijwgBmZeillTaXQq9y2e9lbJd46xg==
  dependencies:
    "@ckeditor/ckeditor5-core" "41.3.1"
    "@ckeditor/ckeditor5-engine" "41.3.1"
    "@ckeditor/ckeditor5-utils" "41.3.1"

"@ckeditor/ckeditor5-paragraph@41.3.1":
  version "41.3.1"
  resolved "https://registry.yarnpkg.com/@ckeditor/ckeditor5-paragraph/-/ckeditor5-paragraph-41.3.1.tgz#2fe6cbe4399e2e3e7205429c5ecb64ddef73f5af"
  integrity sha512-weRPLyO/1Z8PpU9+lET4gYgJ8adDuCjYiREup81URSuS1DDQ8vb3D29xA+4Ov7lwg8BaNAMCpTBdp07GHHzv6w==
  dependencies:
    "@ckeditor/ckeditor5-core" "41.3.1"
    "@ckeditor/ckeditor5-ui" "41.3.1"
    "@ckeditor/ckeditor5-utils" "41.3.1"

"@ckeditor/ckeditor5-select-all@41.3.1":
  version "41.3.1"
  resolved "https://registry.yarnpkg.com/@ckeditor/ckeditor5-select-all/-/ckeditor5-select-all-41.3.1.tgz#46263e7f18bb2869a07a286e4f0f23d484cc98d1"
  integrity sha512-a/LAPO+O9fwHjQ/8s3UNtyrqQRieAnpnPw2IhLlGqOS7nxPKMR2vkb6WnG2LUdO+wYqkCzxUDpBlfVkjkQEI0w==
  dependencies:
    "@ckeditor/ckeditor5-core" "41.3.1"
    "@ckeditor/ckeditor5-ui" "41.3.1"
    "@ckeditor/ckeditor5-utils" "41.3.1"

"@ckeditor/ckeditor5-typing@41.3.1":
  version "41.3.1"
  resolved "https://registry.yarnpkg.com/@ckeditor/ckeditor5-typing/-/ckeditor5-typing-41.3.1.tgz#9120725c0dd8203bc708e233f7d5cf2f048ebc79"
  integrity sha512-4Oeafc3if6fTITOest1ILQ573fnkzE9/tn5eNm3zWnHVYR79mRCYxaha9yUlKVQiqaxZ48EVo2FjHiouXmn9+Q==
  dependencies:
    "@ckeditor/ckeditor5-core" "41.3.1"
    "@ckeditor/ckeditor5-engine" "41.3.1"
    "@ckeditor/ckeditor5-utils" "41.3.1"
    lodash-es "4.17.21"

"@ckeditor/ckeditor5-ui@41.3.1":
  version "41.3.1"
  resolved "https://registry.yarnpkg.com/@ckeditor/ckeditor5-ui/-/ckeditor5-ui-41.3.1.tgz#4074978f79ac5cc2379022e833203a311f983fb1"
  integrity sha512-xN7OAiRp7ALKYXUp6Qe/AjkjrhyLuoz9nxq7Jdsnsyb/XXfsXDloMcOuvNRoUgr4gIFHMOoZZxsIn8qegBvcYA==
  dependencies:
    "@ckeditor/ckeditor5-core" "41.3.1"
    "@ckeditor/ckeditor5-utils" "41.3.1"
    color-convert "2.0.1"
    color-parse "1.4.2"
    lodash-es "4.17.21"
    vanilla-colorful "0.7.2"

"@ckeditor/ckeditor5-undo@41.3.1":
  version "41.3.1"
  resolved "https://registry.yarnpkg.com/@ckeditor/ckeditor5-undo/-/ckeditor5-undo-41.3.1.tgz#6d0b0fcac9368f250670ade1cfa0482f80beb680"
  integrity sha512-PElWTnlIwuQ94mvdhuH7Mno99oocSnOWPMHi9UuWe6+zVgznQwn0f0diBZvX3l5y8hFgK6q/pQ/CCmbvvYnovA==
  dependencies:
    "@ckeditor/ckeditor5-core" "41.3.1"
    "@ckeditor/ckeditor5-engine" "41.3.1"
    "@ckeditor/ckeditor5-ui" "41.3.1"

"@ckeditor/ckeditor5-upload@41.3.1":
  version "41.3.1"
  resolved "https://registry.yarnpkg.com/@ckeditor/ckeditor5-upload/-/ckeditor5-upload-41.3.1.tgz#53d7be4d5a7e9c5c37c8a9a828be2d0836c216ee"
  integrity sha512-ugTgGEgA9qsSl5+qptTmawdfYaONr6b3uTG4byZ76JMdf0qiniZjBF/TtGAVmBkCipcVWFoaZKteiz0fhQMHjA==
  dependencies:
    "@ckeditor/ckeditor5-core" "41.3.1"
    "@ckeditor/ckeditor5-utils" "41.3.1"

"@ckeditor/ckeditor5-utils@41.3.1":
  version "41.3.1"
  resolved "https://registry.yarnpkg.com/@ckeditor/ckeditor5-utils/-/ckeditor5-utils-41.3.1.tgz#2ac74abf1a027a96391fd77b712efbdbc8211c45"
  integrity sha512-jJu9ndn6Y7+ffBYdDCRXX7OnV9Ddgms2HSF1pmhjZN0uoL96XworuUOn8hx3Zs/KBPjJEwbtYWJMjG9aohrgaQ==
  dependencies:
    lodash-es "4.17.21"

"@ckeditor/ckeditor5-watchdog@41.3.1":
  version "41.3.1"
  resolved "https://registry.yarnpkg.com/@ckeditor/ckeditor5-watchdog/-/ckeditor5-watchdog-41.3.1.tgz#2db3f716460000e42efb31206662cebcb8f1c99a"
  integrity sha512-iDwdYxC8euSKxfRq4y5vVOX9GVUbEbC9z6glkXpxa1BogqYh39+fywjt+s4o3Ub3b8FJ/EUYuNc+/vK+CzEg4g==
  dependencies:
    lodash-es "4.17.21"

"@ckeditor/ckeditor5-widget@41.3.1":
  version "41.3.1"
  resolved "https://registry.yarnpkg.com/@ckeditor/ckeditor5-widget/-/ckeditor5-widget-41.3.1.tgz#a4888f92811c7fa9f962a125b186987d80a5cdc6"
  integrity sha512-rdBxGS3bxWNhp+yxyBYkcbRV6/mdTDab+konDVhZ/ME1jVZ5cf8OBZcgHUqAxzuWt4XMEdzKINbo1OnSDwApUg==
  dependencies:
    "@ckeditor/ckeditor5-core" "41.3.1"
    "@ckeditor/ckeditor5-engine" "41.3.1"
    "@ckeditor/ckeditor5-enter" "41.3.1"
    "@ckeditor/ckeditor5-typing" "41.3.1"
    "@ckeditor/ckeditor5-ui" "41.3.1"
    "@ckeditor/ckeditor5-utils" "41.3.1"
    lodash-es "4.17.21"

ckeditor5-collaboration@41.3.1:
  version "41.3.1"
  resolved "https://registry.yarnpkg.com/ckeditor5-collaboration/-/ckeditor5-collaboration-41.3.1.tgz#367f3819025ce2a4514e409d133dbd45053c8a2b"
  integrity sha512-/Lk1ondQROa7O1Tby0IjiSlrvVUMQwdkslSpCwt7Grvw+1vQ9X+FTb3zwBfOAUNsFHvlYiRz2iIu13mdpm/qWQ==
  dependencies:
    "@ckeditor/ckeditor5-collaboration-core" "41.3.1"

ckeditor5@41.3.1:
  version "41.3.1"
  resolved "https://registry.yarnpkg.com/ckeditor5/-/ckeditor5-41.3.1.tgz#73a2858c43626319d9c271ae92017ffe2ecd4b7b"
  integrity sha512-pBK1YZV9Sy4R53XG70TEeLFOvTFC7tg8AmS6d6zizegtwkH8seblkcERkykcNuvmfzZ/2h9JbafJ4kisZOwiUQ==
  dependencies:
    "@ckeditor/ckeditor5-clipboard" "41.3.1"
    "@ckeditor/ckeditor5-core" "41.3.1"
    "@ckeditor/ckeditor5-engine" "41.3.1"
    "@ckeditor/ckeditor5-enter" "41.3.1"
    "@ckeditor/ckeditor5-paragraph" "41.3.1"
    "@ckeditor/ckeditor5-select-all" "41.3.1"
    "@ckeditor/ckeditor5-typing" "41.3.1"
    "@ckeditor/ckeditor5-ui" "41.3.1"
    "@ckeditor/ckeditor5-undo" "41.3.1"
    "@ckeditor/ckeditor5-upload" "41.3.1"
    "@ckeditor/ckeditor5-utils" "41.3.1"
    "@ckeditor/ckeditor5-watchdog" "41.3.1"
    "@ckeditor/ckeditor5-widget" "41.3.1"

color-convert@2.0.1:
  version "2.0.1"
  resolved "https://registry.yarnpkg.com/color-convert/-/color-convert-2.0.1.tgz#72d3a68d598c9bdb3af2ad1e84f21d896abd4de3"
  integrity sha512-RRECPsj7iu/xb5oKYcsFHSppFNnsj/52OVTRKb4zP5onXwVF3zVmmToNcOfGC+CRDpfK/U584fMg38ZHCaElKQ==
  dependencies:
    color-name "~1.1.4"

color-name@^1.0.0, color-name@~1.1.4:
  version "1.1.4"
  resolved "https://registry.yarnpkg.com/color-name/-/color-name-1.1.4.tgz#c2a09a87acbde69543de6f63fa3995c826c536a2"
  integrity sha512-dOy+3AuW3a2wNbZHIuMZpTcgjGuLU/uBL/ubcZF9OXbDo8ff4O8yVp5Bf0efS8uEoYo5q4Fx7dY9OgQGXgAsQA==

color-parse@1.4.2:
  version "1.4.2"
  resolved "https://registry.yarnpkg.com/color-parse/-/color-parse-1.4.2.tgz#78651f5d34df1a57f997643d86f7f87268ad4eb5"
  integrity sha512-RI7s49/8yqDj3fECFZjUI1Yi0z/Gq1py43oNJivAIIDSyJiOZLfYCRQEgn8HEVAj++PcRe8AnL2XF0fRJ3BTnA==
  dependencies:
    color-name "^1.0.0"

date-fns@2.30.0:
  version "2.30.0"
  resolved "https://registry.yarnpkg.com/date-fns/-/date-fns-2.30.0.tgz#f367e644839ff57894ec6ac480de40cae4b0f4d0"
  integrity sha512-fnULvOpxnC5/Vg3NCiWelDsLiUc9bRwAPs/+LfTLNvetFCtCTN+yQz15C/fs4AwX1R9K5GLtLfn8QW+dWisaAw==
  dependencies:
    "@babel/runtime" "^7.21.0"

lodash-es@4.17.21:
  version "4.17.21"
  resolved "https://registry.yarnpkg.com/lodash-es/-/lodash-es-4.17.21.tgz#43e626c46e6591b7750beb2b50117390c609e3ee"
  integrity sha512-mKnC+QJ9pWVzv+C4/U3rRsHapFfHvQFoFB92e52xeyGMcX6/OlIl78je1u8vePzYZSkkogMPJ2yjxxsb89cxyw==

regenerator-runtime@^0.14.0:
  version "0.14.1"
  resolved "https://registry.yarnpkg.com/regenerator-runtime/-/regenerator-runtime-0.14.1.tgz#356ade10263f685dda125100cd862c1db895327f"
  integrity sha512-dYnhHh0nJoMfnkZs6GmmhFknAGRrLznOu5nc9ML+EJxGvrx6H7teuevqVqCuPcPK//3eDrrjQhehXVx9cnkGdw==

vanilla-colorful@0.7.2:
  version "0.7.2"
  resolved "https://registry.yarnpkg.com/vanilla-colorful/-/vanilla-colorful-0.7.2.tgz#3fb1f4b9f15b797e20fd1ce8e0364f33b073f4a2"
  integrity sha512-z2YZusTFC6KnLERx1cgoIRX2CjPRP0W75N+3CC6gbvdX5Ch47rZkEMGO2Xnf+IEmi3RiFLxS18gayMA27iU7Kg==
